PODS:
  - TwilioVerify (0.2.0)

DEPENDENCIES:
  - TwilioVerify (from `https://github.com/twilio/twilio-verify-ios.git`, branch `ymoreno/read-sdk-version`)

EXTERNAL SOURCES:
  TwilioVerify:
    :branch: ymoreno/read-sdk-version
    :git: https://github.com/twilio/twilio-verify-ios.git

CHECKOUT OPTIONS:
  TwilioVerify:
    :commit: 8146544dc308fd286dbda4af70156c5e6e3f12c6
    :git: https://github.com/twilio/twilio-verify-ios.git

SPEC CHECKSUMS:
  TwilioVerify: 90b7abb3647ace16d8f60e62d6f5e7ab78e6bfda

PODFILE CHECKSUM: a6c64c0b88608d4019019fb05c2c82c587d16409

COCOAPODS: 1.10.0
